
Microsoft Visual Studio Solution File, Format Version 12.00
# Visual Studio 15
VisualStudioVersion = 15.0.28307.438
MinimumVisualStudioVersion = 10.0.40219.1
Project("{8BC9CEB8-8B4A-11D0-8D11-00A0C91BC942}") = "RescueMe", "RescueMe\RescueMe.vcxproj", "{3901ADEC-758D-4829-BF29-CBA88B58E3A0}"
EndProject
Global
	GlobalSection(SolutionConfigurationPlatforms) = preSolution
		Debug|x64 = Debug|x64
		Debug|x86 = Debug|x86
		Release|x64 = Release|x64
		Release|x86 = Release|x86
	EndGlobalSection
	GlobalSection(ProjectConfigurationPlatforms) = postSolution
		{3901ADEC-758D-4829-BF29-CBA88B58E3A0}.Debug|x64.ActiveCfg = Debug|x64
		{3901ADEC-758D-4829-BF29-CBA88B58E3A0}.Debug|x64.Build.0 = Debug|x64
		{3901ADEC-758D-4829-BF29-CBA88B58E3A0}.Debug|x86.ActiveCfg = Debug|Win32
		{3901ADEC-758D-4829-BF29-CBA88B58E3A0}.Debug|x86.Build.0 = Debug|Win32
		{3901ADEC-758D-4829-BF29-CBA88B58E3A0}.Release|x64.ActiveCfg = Release|x64
		{3901ADEC-758D-4829-BF29-CBA88B58E3A0}.Release|x64.Build.0 = Release|x64
		{3901ADEC-758D-4829-BF29-CBA88B58E3A0}.Release|x86.ActiveCfg = Release|Win32
		{3901ADEC-758D-4829-BF29-CBA88B58E3A0}.Release|x86.Build.0 = Release|Win32
	EndGlobalSection
	GlobalSection(SolutionProperties) = preSolution
		HideSolutionNode = FALSE
	EndGlobalSection
	GlobalSection(ExtensibilityGlobals) = postSolution
		SolutionGuid = {4C79ABF7-51D6-4D0C-99F3-223ABE6507A7}
	EndGlobalSection
EndGlobal
